
Microsoft Visual Studio Solution File, Format Version 12.00
# Visual Studio Version 17
VisualStudioVersion = 17.4.33205.214
MinimumVisualStudioVersion = 10.0.40219.1
Project("{FAE04EC0-301F-11D3-BF4B-00C04F79EFBC}") = "WebAppKovaApi", "WebAppKovaApi\WebAppKovaApi.csproj", "{071C39BA-2335-44DA-A36F-65A71F70778E}"
EndProject
Project("{FAE04EC0-301F-11D3-BF4B-00C04F79EFBC}") = "WebAppKovaApi.Contracts", "WebAppKovaApi.Contracts\WebAppKovaApi.Contracts.csproj", "{385879DF-D4F0-4EAD-A369-BC02C88D7E86}"
EndProject
Project("{FAE04EC0-301F-11D3-BF4B-00C04F79EFBC}") = "WebAppKovaApi.Context", "WebAppKovaApi.Context\WebAppKovaApi.Context.csproj", "{C6DB6EEC-4AFD-4252-9B1D-955B7A514695}"
EndProject
Project("{FAE04EC0-301F-11D3-BF4B-00C04F79EFBC}") = "WebAppKovaApi.Contracts.Configurations", "WebAppKovaApi.Contracts.Configurations\WebAppKovaApi.Contracts.Configurations.csproj", "{A0FDDB07-7673-4126-B18A-67E49FEDE556}"
EndProject
Project("{FAE04EC0-301F-11D3-BF4B-00C04F79EFBC}") = "WebAppKovaApi.Context.Contracts", "WebAppKovaApi.Context.Contracts\WebAppKovaApi.Context.Contracts.csproj", "{19376BBA-BF19-4A45-B2D0-BCC5F5FA03ED}"
EndProject
Global
	GlobalSection(SolutionConfigurationPlatforms) = preSolution
		Debug|Any CPU = Debug|Any CPU
		Release|Any CPU = Release|Any CPU
	EndGlobalSection
	GlobalSection(ProjectConfigurationPlatforms) = postSolution
		{071C39BA-2335-44DA-A36F-65A71F70778E}.Debug|Any CPU.ActiveCfg = Debug|Any CPU
		{071C39BA-2335-44DA-A36F-65A71F70778E}.Debug|Any CPU.Build.0 = Debug|Any CPU
		{071C39BA-2335-44DA-A36F-65A71F70778E}.Release|Any CPU.ActiveCfg = Release|Any CPU
		{071C39BA-2335-44DA-A36F-65A71F70778E}.Release|Any CPU.Build.0 = Release|Any CPU
		{385879DF-D4F0-4EAD-A369-BC02C88D7E86}.Debug|Any CPU.ActiveCfg = Debug|Any CPU
		{385879DF-D4F0-4EAD-A369-BC02C88D7E86}.Debug|Any CPU.Build.0 = Debug|Any CPU
		{385879DF-D4F0-4EAD-A369-BC02C88D7E86}.Release|Any CPU.ActiveCfg = Release|Any CPU
		{385879DF-D4F0-4EAD-A369-BC02C88D7E86}.Release|Any CPU.Build.0 = Release|Any CPU
		{C6DB6EEC-4AFD-4252-9B1D-955B7A514695}.Debug|Any CPU.ActiveCfg = Debug|Any CPU
		{C6DB6EEC-4AFD-4252-9B1D-955B7A514695}.Debug|Any CPU.Build.0 = Debug|Any CPU
		{C6DB6EEC-4AFD-4252-9B1D-955B7A514695}.Release|Any CPU.ActiveCfg = Release|Any CPU
		{C6DB6EEC-4AFD-4252-9B1D-955B7A514695}.Release|Any CPU.Build.0 = Release|Any CPU
		{A0FDDB07-7673-4126-B18A-67E49FEDE556}.Debug|Any CPU.ActiveCfg = Debug|Any CPU
		{A0FDDB07-7673-4126-B18A-67E49FEDE556}.Debug|Any CPU.Build.0 = Debug|Any CPU
		{A0FDDB07-7673-4126-B18A-67E49FEDE556}.Release|Any CPU.ActiveCfg = Release|Any CPU
		{A0FDDB07-7673-4126-B18A-67E49FEDE556}.Release|Any CPU.Build.0 = Release|Any CPU
		{19376BBA-BF19-4A45-B2D0-BCC5F5FA03ED}.Debug|Any CPU.ActiveCfg = Debug|Any CPU
		{19376BBA-BF19-4A45-B2D0-BCC5F5FA03ED}.Debug|Any CPU.Build.0 = Debug|Any CPU
		{19376BBA-BF19-4A45-B2D0-BCC5F5FA03ED}.Release|Any CPU.ActiveCfg = Release|Any CPU
		{19376BBA-BF19-4A45-B2D0-BCC5F5FA03ED}.Release|Any CPU.Build.0 = Release|Any CPU
	EndGlobalSection
	GlobalSection(SolutionProperties) = preSolution
		HideSolutionNode = FALSE
	EndGlobalSection
	GlobalSection(ExtensibilityGlobals) = postSolution
		SolutionGuid = {0E7DCD73-B65E-4CAE-9060-0CA138EB681A}
	EndGlobalSection
EndGlobal
